
Microsoft Visual Studio Solution File, Format Version 12.00
# Visual Studio Version 16
VisualStudioVersion = 16.0.30621.155
MinimumVisualStudioVersion = 10.0.40219.1
Project("{FAE04EC0-301F-11D3-BF4B-00C04F79EFBC}") = "calcular-horas-extras", "calcular-horas-extras\calcular-horas-extras.csproj", "{9DE78F4D-8CA4-409A-81D0-1A1E2349D75C}"
EndProject
Global
	GlobalSection(SolutionConfigurationPlatforms) = preSolution
		Debug|Any CPU = Debug|Any CPU
		Release|Any CPU = Release|Any CPU
	EndGlobalSection
	GlobalSection(ProjectConfigurationPlatforms) = postSolution
		{9DE78F4D-8CA4-409A-81D0-1A1E2349D75C}.Debug|Any CPU.ActiveCfg = Debug|Any CPU
		{9DE78F4D-8CA4-409A-81D0-1A1E2349D75C}.Debug|Any CPU.Build.0 = Debug|Any CPU
		{9DE78F4D-8CA4-409A-81D0-1A1E2349D75C}.Release|Any CPU.ActiveCfg = Release|Any CPU
		{9DE78F4D-8CA4-409A-81D0-1A1E2349D75C}.Release|Any CPU.Build.0 = Release|Any CPU
	EndGlobalSection
	GlobalSection(SolutionProperties) = preSolution
		HideSolutionNode = FALSE
	EndGlobalSection
	GlobalSection(ExtensibilityGlobals) = postSolution
		SolutionGuid = {601EE12A-C68C-42B4-9D18-FB1917C2CC95}
	EndGlobalSection
EndGlobal
